
Microsoft Visual Studio Solution File, Format Version 12.00
# Visual Studio Version 16
VisualStudioVersion = 16.0.30413.136
MinimumVisualStudioVersion = 10.0.40219.1
Project("{8BC9CEB8-8B4A-11D0-8D11-00A0C91BC942}") = "LOL连发", "LOL连发\LOL连发.vcxproj", "{AF43C4FF-AC2E-4DE4-BE74-C2A26CA4A9A9}"
EndProject
Global
	GlobalSection(SolutionConfigurationPlatforms) = preSolution
		Debug|x64 = Debug|x64
		Debug|x86 = Debug|x86
		Release|x64 = Release|x64
		Release|x86 = Release|x86
	EndGlobalSection
	GlobalSection(ProjectConfigurationPlatforms) = postSolution
		{AF43C4FF-AC2E-4DE4-BE74-C2A26CA4A9A9}.Debug|x64.ActiveCfg = Debug|x64
		{AF43C4FF-AC2E-4DE4-BE74-C2A26CA4A9A9}.Debug|x64.Build.0 = Debug|x64
		{AF43C4FF-AC2E-4DE4-BE74-C2A26CA4A9A9}.Debug|x86.ActiveCfg = Debug|Win32
		{AF43C4FF-AC2E-4DE4-BE74-C2A26CA4A9A9}.Debug|x86.Build.0 = Debug|Win32
		{AF43C4FF-AC2E-4DE4-BE74-C2A26CA4A9A9}.Release|x64.ActiveCfg = Release|x64
		{AF43C4FF-AC2E-4DE4-BE74-C2A26CA4A9A9}.Release|x64.Build.0 = Release|x64
		{AF43C4FF-AC2E-4DE4-BE74-C2A26CA4A9A9}.Release|x86.ActiveCfg = Release|Win32
		{AF43C4FF-AC2E-4DE4-BE74-C2A26CA4A9A9}.Release|x86.Build.0 = Release|Win32
	EndGlobalSection
	GlobalSection(SolutionProperties) = preSolution
		HideSolutionNode = FALSE
	EndGlobalSection
	GlobalSection(ExtensibilityGlobals) = postSolution
		SolutionGuid = {581EF4BD-1159-43D1-B4DA-F3698E855AE8}
	EndGlobalSection
EndGlobal
